// !$*UTF8*$!
{
	archiveVersion = 1;
	classes = {
	};
	objectVersion = 56;
	objects = {

/* Begin PBXBuildFile section */
		C221102429BF01B400378340 /* SwiftUIIntermediateLevelApp.swift in Sources */ = {isa = PBXBuildFile; fileRef = C221102329BF01B400378340 /* SwiftUIIntermediateLevelApp.swift */; };
		C221102629BF01B400378340 /* ContentView.swift in Sources */ = {isa = PBXBuildFile; fileRef = C221102529BF01B400378340 /* ContentView.swift */; };
		C221102829BF01B500378340 /* Assets.xcassets in Resources */ = {isa = PBXBuildFile; fileRef = C221102729BF01B500378340 /* Assets.xcassets */; };
		C221102B29BF01B500378340 /* Preview Assets.xcassets in Resources */ = {isa = PBXBuildFile; fileRef = C221102A29BF01B500378340 /* Preview Assets.xcassets */; };
		C221103229BF02EE00378340 /* LongPressGestureBootcamp.swift in Sources */ = {isa = PBXBuildFile; fileRef = C221103129BF02EE00378340 /* LongPressGestureBootcamp.swift */; };
		C221103429BF181600378340 /* MagnificationGestureBootcamp.swift in Sources */ = {isa = PBXBuildFile; fileRef = C221103329BF181600378340 /* MagnificationGestureBootcamp.swift */; };
		C221103629BF1FE900378340 /* RotationGestureBootcamp.swift in Sources */ = {isa = PBXBuildFile; fileRef = C221103529BF1FE900378340 /* RotationGestureBootcamp.swift */; };
		C22DD0F029C1A6BD00BA8E22 /* DragGestureBootcamp.swift in Sources */ = {isa = PBXBuildFile; fileRef = C22DD0EF29C1A6BD00BA8E22 /* DragGestureBootcamp.swift */; };
		C22DD0F229C1ACE800BA8E22 /* DragGestureBootcamp2.swift in Sources */ = {isa = PBXBuildFile; fileRef = C22DD0F129C1ACE800BA8E22 /* DragGestureBootcamp2.swift */; };
		C22DD0F429C1B57400BA8E22 /* ScrollViewReaderBootcamp.swift in Sources */ = {isa = PBXBuildFile; fileRef = C22DD0F329C1B57400BA8E22 /* ScrollViewReaderBootcamp.swift */; };
		C22DD0F629C1BD4700BA8E22 /* GeometryReaderBootcamp.swift in Sources */ = {isa = PBXBuildFile; fileRef = C22DD0F529C1BD4700BA8E22 /* GeometryReaderBootcamp.swift */; };
		C22DD0F829C1C50B00BA8E22 /* MultipleSheetsBootcamp.swift in Sources */ = {isa = PBXBuildFile; fileRef = C22DD0F729C1C50B00BA8E22 /* MultipleSheetsBootcamp.swift */; };
/* End PBXBuildFile section */

/* Begin PBXFileReference section */
		C221102029BF01B400378340 /* SwiftUIIntermediateLevel.app */ = {isa = PBXFileReference; explicitFileType = wrapper.application; includeInIndex = 0; path = SwiftUIIntermediateLevel.app; sourceTree = BUILT_PRODUCTS_DIR; };
		C221102329BF01B400378340 /* SwiftUIIntermediateLevelApp.swift */ = {isa = PBXFileReference; lastKnownFileType = sourcecode.swift; path = SwiftUIIntermediateLevelApp.swift; sourceTree = "<group>"; };
		C221102529BF01B400378340 /* ContentView.swift */ = {isa = PBXFileReference; lastKnownFileType = sourcecode.swift; path = ContentView.swift; sourceTree = "<group>"; };
		C221102729BF01B500378340 /* Assets.xcassets */ = {isa = PBXFileReference; lastKnownFileType = folder.assetcatalog; path = Assets.xcassets; sourceTree = "<group>"; };
		C221102A29BF01B500378340 /* Preview Assets.xcassets */ = {isa = PBXFileReference; lastKnownFileType = folder.assetcatalog; path = "Preview Assets.xcassets"; sourceTree = "<group>"; };
		C221103129BF02EE00378340 /* LongPressGestureBootcamp.swift */ = {isa = PBXFileReference; lastKnownFileType = sourcecode.swift; path = LongPressGestureBootcamp.swift; sourceTree = "<group>"; };
		C221103329BF181600378340 /* MagnificationGestureBootcamp.swift */ = {isa = PBXFileReference; lastKnownFileType = sourcecode.swift; path = MagnificationGestureBootcamp.swift; sourceTree = "<group>"; };
		C221103529BF1FE900378340 /* RotationGestureBootcamp.swift */ = {isa = PBXFileReference; lastKnownFileType = sourcecode.swift; path = RotationGestureBootcamp.swift; sourceTree = "<group>"; };
		C22DD0EF29C1A6BD00BA8E22 /* DragGestureBootcamp.swift */ = {isa = PBXFileReference; lastKnownFileType = sourcecode.swift; path = DragGestureBootcamp.swift; sourceTree = "<group>"; };
		C22DD0F129C1ACE800BA8E22 /* DragGestureBootcamp2.swift */ = {isa = PBXFileReference; lastKnownFileType = sourcecode.swift; path = DragGestureBootcamp2.swift; sourceTree = "<group>"; };
		C22DD0F329C1B57400BA8E22 /* ScrollViewReaderBootcamp.swift */ = {isa = PBXFileReference; lastKnownFileType = sourcecode.swift; path = ScrollViewReaderBootcamp.swift; sourceTree = "<group>"; };
		C22DD0F529C1BD4700BA8E22 /* GeometryReaderBootcamp.swift */ = {isa = PBXFileReference; lastKnownFileType = sourcecode.swift; path = GeometryReaderBootcamp.swift; sourceTree = "<group>"; };
		C22DD0F729C1C50B00BA8E22 /* MultipleSheetsBootcamp.swift */ = {isa = PBXFileReference; lastKnownFileType = sourcecode.swift; path = MultipleSheetsBootcamp.swift; sourceTree = "<group>"; };
/* End PBXFileReference section */

/* Begin PBXFrameworksBuildPhase section */
		C221101D29BF01B400378340 /* Frameworks */ = {
			isa = PBXFrameworksBuildPhase;
			buildActionMask = 2147483647;
			files = (
			);
			runOnlyForDeploymentPostprocessing = 0;
		};
/* End PBXFrameworksBuildPhase section */

/* Begin PBXGroup section */
		C221101729BF01B300378340 = {
			isa = PBXGroup;
			children = (
				C221102229BF01B400378340 /* SwiftUIIntermediateLevel */,
				C221102129BF01B400378340 /* Products */,
			);
			sourceTree = "<group>";
		};
		C221102129BF01B400378340 /* Products */ = {
			isa = PBXGroup;
			children = (
				C221102029BF01B400378340 /* SwiftUIIntermediateLevel.app */,
			);
			name = Products;
			sourceTree = "<group>";
		};
		C221102229BF01B400378340 /* SwiftUIIntermediateLevel */ = {
			isa = PBXGroup;
			children = (
				C221102329BF01B400378340 /* SwiftUIIntermediateLevelApp.swift */,
				C221102529BF01B400378340 /* ContentView.swift */,
				C221103129BF02EE00378340 /* LongPressGestureBootcamp.swift */,
				C221103329BF181600378340 /* MagnificationGestureBootcamp.swift */,
				C221103529BF1FE900378340 /* RotationGestureBootcamp.swift */,
				C22DD0EF29C1A6BD00BA8E22 /* DragGestureBootcamp.swift */,
				C22DD0F129C1ACE800BA8E22 /* DragGestureBootcamp2.swift */,
				C22DD0F329C1B57400BA8E22 /* ScrollViewReaderBootcamp.swift */,
				C22DD0F529C1BD4700BA8E22 /* GeometryReaderBootcamp.swift */,
				C22DD0F729C1C50B00BA8E22 /* MultipleSheetsBootcamp.swift */,
				C221102729BF01B500378340 /* Assets.xcassets */,
				C221102929BF01B500378340 /* Preview Content */,
			);
			path = SwiftUIIntermediateLevel;
			sourceTree = "<group>";
		};
		C221102929BF01B500378340 /* Preview Content */ = {
			isa = PBXGroup;
			children = (
				C221102A29BF01B500378340 /* Preview Assets.xcassets */,
			);
			path = "Preview Content";
			sourceTree = "<group>";
		};
/* End PBXGroup section */

/* Begin PBXNativeTarget section */
		C221101F29BF01B400378340 /* SwiftUIIntermediateLevel */ = {
			isa = PBXNativeTarget;
			buildConfigurationList = C221102E29BF01B500378340 /* Build configuration list for PBXNativeTarget "SwiftUIIntermediateLevel" */;
			buildPhases = (
				C221101C29BF01B400378340 /* Sources */,
				C221101D29BF01B400378340 /* Frameworks */,
				C221101E29BF01B400378340 /* Resources */,
			);
			buildRules = (
			);
			dependencies = (
			);
			name = SwiftUIIntermediateLevel;
			productName = SwiftUIIntermediateLevel;
			productReference = C221102029BF01B400378340 /* SwiftUIIntermediateLevel.app */;
			productType = "com.apple.product-type.application";
		};
/* End PBXNativeTarget section */

/* Begin PBXProject section */
		C221101829BF01B300378340 /* Project object */ = {
			isa = PBXProject;
			attributes = {
				BuildIndependentTargetsInParallel = 1;
				LastSwiftUpdateCheck = 1420;
				LastUpgradeCheck = 1420;
				TargetAttributes = {
					C221101F29BF01B400378340 = {
						CreatedOnToolsVersion = 14.2;
					};
				};
			};
			buildConfigurationList = C221101B29BF01B300378340 /* Build configuration list for PBXProject "SwiftUIIntermediateLevel" */;
			compatibilityVersion = "Xcode 14.0";
			developmentRegion = en;
			hasScannedForEncodings = 0;
			knownRegions = (
				en,
				Base,
			);
			mainGroup = C221101729BF01B300378340;
			productRefGroup = C221102129BF01B400378340 /* Products */;
			projectDirPath = "";
			projectRoot = "";
			targets = (
				C221101F29BF01B400378340 /* SwiftUIIntermediateLevel */,
			);
		};
/* End PBXProject section */

/* Begin PBXResourcesBuildPhase section */
		C221101E29BF01B400378340 /* Resources */ = {
			isa = PBXResourcesBuildPhase;
			buildActionMask = 2147483647;
			files = (
				C221102B29BF01B500378340 /* Preview Assets.xcassets in Resources */,
				C221102829BF01B500378340 /* Assets.xcassets in Resources */,
			);
			runOnlyForDeploymentPostprocessing = 0;
		};
/* End PBXResourcesBuildPhase section */

/* Begin PBXSourcesBuildPhase section */
		C221101C29BF01B400378340 /* Sources */ = {
			isa = PBXSourcesBuildPhase;
			buildActionMask = 2147483647;
			files = (
				C22DD0F229C1ACE800BA8E22 /* DragGestureBootcamp2.swift in Sources */,
				C22DD0F029C1A6BD00BA8E22 /* DragGestureBootcamp.swift in Sources */,
				C221102629BF01B400378340 /* ContentView.swift in Sources */,
				C221102429BF01B400378340 /* SwiftUIIntermediateLevelApp.swift in Sources */,
				C22DD0F829C1C50B00BA8E22 /* MultipleSheetsBootcamp.swift in Sources */,
				C221103429BF181600378340 /* MagnificationGestureBootcamp.swift in Sources */,
				C221103229BF02EE00378340 /* LongPressGestureBootcamp.swift in Sources */,
				C22DD0F629C1BD4700BA8E22 /* GeometryReaderBootcamp.swift in Sources */,
				C22DD0F429C1B57400BA8E22 /* ScrollViewReaderBootcamp.swift in Sources */,
				C221103629BF1FE900378340 /* RotationGestureBootcamp.swift in Sources */,
			);
			runOnlyForDeploymentPostprocessing = 0;
		};
/* End PBXSourcesBuildPhase section */

/* Begin XCBuildConfiguration section */
		C221102C29BF01B500378340 /* Debug */ = {
			isa = XCBuildConfiguration;
			buildSettings = {
				ALWAYS_SEARCH_USER_PATHS = NO;
				CLANG_ANALYZER_NONNULL = YES;
				CLANG_ANALYZER_NUMBER_OBJECT_CONVERSION = YES_AGGRESSIVE;
				CLANG_CXX_LANGUAGE_STANDARD = "gnu++20";
				CLANG_ENABLE_MODULES = YES;
				CLANG_ENABLE_OBJC_ARC = YES;
				CLANG_ENABLE_OBJC_WEAK = YES;
				CLANG_WARN_BLOCK_CAPTURE_AUTORELEASING = YES;
				CLANG_WARN_BOOL_CONVERSION = YES;
				CLANG_WARN_COMMA = YES;
				CLANG_WARN_CONSTANT_CONVERSION = YES;
				CLANG_WARN_DEPRECATED_OBJC_IMPLEMENTATIONS = YES;
				CLANG_WARN_DIRECT_OBJC_ISA_USAGE = YES_ERROR;
				CLANG_WARN_DOCUMENTATION_COMMENTS = YES;
				CLANG_WARN_EMPTY_BODY = YES;
				CLANG_WARN_ENUM_CONVERSION = YES;
				CLANG_WARN_INFINITE_RECURSION = YES;
				CLANG_WARN_INT_CONVERSION = YES;
				CLANG_WARN_NON_LITERAL_NULL_CONVERSION = YES;
				CLANG_WARN_OBJC_IMPLICIT_RETAIN_SELF = YES;
				CLANG_WARN_OBJC_LITERAL_CONVERSION = YES;
				CLANG_WARN_OBJC_ROOT_CLASS = YES_ERROR;
				CLANG_WARN_QUOTED_INCLUDE_IN_FRAMEWORK_HEADER = YES;
				CLANG_WARN_RANGE_LOOP_ANALYSIS = YES;
				CLANG_WARN_STRICT_PROTOTYPES = YES;
				CLANG_WARN_SUSPICIOUS_MOVE = YES;
				CLANG_WARN_UNGUARDED_AVAILABILITY = YES_AGGRESSIVE;
				CLANG_WARN_UNREACHABLE_CODE = YES;
				CLANG_WARN__DUPLICATE_METHOD_MATCH = YES;
				COPY_PHASE_STRIP = NO;
				DEBUG_INFORMATION_FORMAT = dwarf;
				ENABLE_STRICT_OBJC_MSGSEND = YES;
				ENABLE_TESTABILITY = YES;
				GCC_C_LANGUAGE_STANDARD = gnu11;
				GCC_DYNAMIC_NO_PIC = NO;
				GCC_NO_COMMON_BLOCKS = YES;
				GCC_OPTIMIZATION_LEVEL = 0;
				GCC_PREPROCESSOR_DEFINITIONS = (
					"DEBUG=1",
					"$(inherited)",
				);
				GCC_WARN_64_TO_32_BIT_CONVERSION = YES;
				GCC_WARN_ABOUT_RETURN_TYPE = YES_ERROR;
				GCC_WARN_UNDECLARED_SELECTOR = YES;
				GCC_WARN_UNINITIALIZED_AUTOS = YES_AGGRESSIVE;
				GCC_WARN_UNUSED_FUNCTION = YES;
				GCC_WARN_UNUSED_VARIABLE = YES;
				IPHONEOS_DEPLOYMENT_TARGET = 16.2;
				MTL_ENABLE_DEBUG_INFO = INCLUDE_SOURCE;
				MTL_FAST_MATH = YES;
				ONLY_ACTIVE_ARCH = YES;
				SDKROOT = iphoneos;
				SWIFT_ACTIVE_COMPILATION_CONDITIONS = DEBUG;
				SWIFT_OPTIMIZATION_LEVEL = "-Onone";
			};
			name = Debug;
		};
		C221102D29BF01B500378340 /* Release */ = {
			isa = XCBuildConfiguration;
			buildSettings = {
				ALWAYS_SEARCH_USER_PATHS = NO;
				CLANG_ANALYZER_NONNULL = YES;
				CLANG_ANALYZER_NUMBER_OBJECT_CONVERSION = YES_AGGRESSIVE;
				CLANG_CXX_LANGUAGE_STANDARD = "gnu++20";
				CLANG_ENABLE_MODULES = YES;
				CLANG_ENABLE_OBJC_ARC = YES;
				CLANG_ENABLE_OBJC_WEAK = YES;
				CLANG_WARN_BLOCK_CAPTURE_AUTORELEASING = YES;
				CLANG_WARN_BOOL_CONVERSION = YES;
				CLANG_WARN_COMMA = YES;
				CLANG_WARN_CONSTANT_CONVERSION = YES;
				CLANG_WARN_DEPRECATED_OBJC_IMPLEMENTATIONS = YES;
				CLANG_WARN_DIRECT_OBJC_ISA_USAGE = YES_ERROR;
				CLANG_WARN_DOCUMENTATION_COMMENTS = YES;
				CLANG_WARN_EMPTY_BODY = YES;
				CLANG_WARN_ENUM_CONVERSION = YES;
				CLANG_WARN_INFINITE_RECURSION = YES;
				CLANG_WARN_INT_CONVERSION = YES;
				CLANG_WARN_NON_LITERAL_NULL_CONVERSION = YES;
				CLANG_WARN_OBJC_IMPLICIT_RETAIN_SELF = YES;
				CLANG_WARN_OBJC_LITERAL_CONVERSION = YES;
				CLANG_WARN_OBJC_ROOT_CLASS = YES_ERROR;
				CLANG_WARN_QUOTED_INCLUDE_IN_FRAMEWORK_HEADER = YES;
				CLANG_WARN_RANGE_LOOP_ANALYSIS = YES;
				CLANG_WARN_STRICT_PROTOTYPES = YES;
				CLANG_WARN_SUSPICIOUS_MOVE = YES;
				CLANG_WARN_UNGUARDED_AVAILABILITY = YES_AGGRESSIVE;
				CLANG_WARN_UNREACHABLE_CODE = YES;
				CLANG_WARN__DUPLICATE_METHOD_MATCH = YES;
				COPY_PHASE_STRIP = NO;
				DEBUG_INFORMATION_FORMAT = "dwarf-with-dsym";
				ENABLE_NS_ASSERTIONS = NO;
				ENABLE_STRICT_OBJC_MSGSEND = YES;
				GCC_C_LANGUAGE_STANDARD = gnu11;
				GCC_NO_COMMON_BLOCKS = YES;
				GCC_WARN_64_TO_32_BIT_CONVERSION = YES;
				GCC_WARN_ABOUT_RETURN_TYPE = YES_ERROR;
				GCC_WARN_UNDECLARED_SELECTOR = YES;
				GCC_WARN_UNINITIALIZED_AUTOS = YES_AGGRESSIVE;
				GCC_WARN_UNUSED_FUNCTION = YES;
				GCC_WARN_UNUSED_VARIABLE = YES;
				IPHONEOS_DEPLOYMENT_TARGET = 16.2;
				MTL_ENABLE_DEBUG_INFO = NO;
				MTL_FAST_MATH = YES;
				SDKROOT = iphoneos;
				SWIFT_COMPILATION_MODE = wholemodule;
				SWIFT_OPTIMIZATION_LEVEL = "-O";
				VALIDATE_PRODUCT = YES;
			};
			name = Release;
		};
		C221102F29BF01B500378340 /* Debug */ = {
			isa = XCBuildConfiguration;
			buildSettings = {
				ASSETCATALOG_COMPILER_APPICON_NAME = AppIcon;
				ASSETCATALOG_COMPILER_GLOBAL_ACCENT_COLOR_NAME = AccentColor;
				CODE_SIGN_STYLE = Automatic;
				CURRENT_PROJECT_VERSION = 1;
				DEVELOPMENT_ASSET_PATHS = "\"SwiftUIIntermediateLevel/Preview Content\"";
				DEVELOPMENT_TEAM = AFDF95FC8X;
				ENABLE_PREVIEWS = YES;
				GENERATE_INFOPLIST_FILE = YES;
				INFOPLIST_KEY_UIApplicationSceneManifest_Generation = YES;
				INFOPLIST_KEY_UIApplicationSupportsIndirectInputEvents = YES;
				INFOPLIST_KEY_UILaunchScreen_Generation = YES;
				INFOPLIST_KEY_UISupportedInterfaceOrientations_iPad = "UIInterfaceOrientationPortrait UIInterfaceOrientationPortraitUpsideDown UIInterfaceOrientationLandscapeLeft UIInterfaceOrientationLandscapeRight";
				INFOPLIST_KEY_UISupportedInterfaceOrientations_iPhone = "UIInterfaceOrientationPortrait UIInterfaceOrientationLandscapeLeft UIInterfaceOrientationLandscapeRight";
				LD_RUNPATH_SEARCH_PATHS = (
					"$(inherited)",
					"@executable_path/Frameworks",
				);
				MARKETING_VERSION = 1.0;
				PRODUCT_BUNDLE_IDENTIFIER = bla.SwiftUIIntermediateLevel;
				PRODUCT_NAME = "$(TARGET_NAME)";
				SWIFT_EMIT_LOC_STRINGS = YES;
				SWIFT_VERSION = 5.0;
				TARGETED_DEVICE_FAMILY = "1,2";
			};
			name = Debug;
		};
		C221103029BF01B500378340 /* Release */ = {
			isa = XCBuildConfiguration;
			buildSettings = {
				ASSETCATALOG_COMPILER_APPICON_NAME = AppIcon;
				ASSETCATALOG_COMPILER_GLOBAL_ACCENT_COLOR_NAME = AccentColor;
				CODE_SIGN_STYLE = Automatic;
				CURRENT_PROJECT_VERSION = 1;
				DEVELOPMENT_ASSET_PATHS = "\"SwiftUIIntermediateLevel/Preview Content\"";
				DEVELOPMENT_TEAM = AFDF95FC8X;
				ENABLE_PREVIEWS = YES;
				GENERATE_INFOPLIST_FILE = YES;
				INFOPLIST_KEY_UIApplicationSceneManifest_Generation = YES;
				INFOPLIST_KEY_UIApplicationSupportsIndirectInputEvents = YES;
				INFOPLIST_KEY_UILaunchScreen_Generation = YES;
				INFOPLIST_KEY_UISupportedInterfaceOrientations_iPad = "UIInterfaceOrientationPortrait UIInterfaceOrientationPortraitUpsideDown UIInterfaceOrientationLandscapeLeft UIInterfaceOrientationLandscapeRight";
				INFOPLIST_KEY_UISupportedInterfaceOrientations_iPhone = "UIInterfaceOrientationPortrait UIInterfaceOrientationLandscapeLeft UIInterfaceOrientationLandscapeRight";
				LD_RUNPATH_SEARCH_PATHS = (
					"$(inherited)",
					"@executable_path/Frameworks",
				);
				MARKETING_VERSION = 1.0;
				PRODUCT_BUNDLE_IDENTIFIER = bla.SwiftUIIntermediateLevel;
				PRODUCT_NAME = "$(TARGET_NAME)";
				SWIFT_EMIT_LOC_STRINGS = YES;
				SWIFT_VERSION = 5.0;
				TARGETED_DEVICE_FAMILY = "1,2";
			};
			name = Release;
		};
/* End XCBuildConfiguration section */

/* Begin XCConfigurationList section */
		C221101B29BF01B300378340 /* Build configuration list for PBXProject "SwiftUIIntermediateLevel" */ = {
			isa = XCConfigurationList;
			buildConfigurations = (
				C221102C29BF01B500378340 /* Debug */,
				C221102D29BF01B500378340 /* Release */,
			);
			defaultConfigurationIsVisible = 0;
			defaultConfigurationName = Release;
		};
		C221102E29BF01B500378340 /* Build configuration list for PBXNativeTarget "SwiftUIIntermediateLevel" */ = {
			isa = XCConfigurationList;
			buildConfigurations = (
				C221102F29BF01B500378340 /* Debug */,
				C221103029BF01B500378340 /* Release */,
			);
			defaultConfigurationIsVisible = 0;
			defaultConfigurationName = Release;
		};
/* End XCConfigurationList section */
	};
	rootObject = C221101829BF01B300378340 /* Project object */;
}
